
Microsoft Visual Studio Solution File, Format Version 12.00
# Visual Studio Version 17
VisualStudioVersion = 17.3.32929.385
MinimumVisualStudioVersion = 10.0.40219.1
Project("{FAE04EC0-301F-11D3-BF4B-00C04F79EFBC}") = "MarketApp.Server", "Server\MarketApp.Server.csproj", "{6B1BA452-E239-4B4C-B11C-044A7C290830}"
EndProject
Project("{FAE04EC0-301F-11D3-BF4B-00C04F79EFBC}") = "MarketApp.Client", "Client\MarketApp.Client.csproj", "{A69B5225-FEA6-4567-A8DF-B0E9E9675FDB}"
EndProject
Project("{FAE04EC0-301F-11D3-BF4B-00C04F79EFBC}") = "MarketApp.Shared", "Shared\MarketApp.Shared.csproj", "{C7BFB7D2-EBAC-4C5A-971C-5A59A9E008C0}"
EndProject
Global
	GlobalSection(SolutionConfigurationPlatforms) = preSolution
		Debug|Any CPU = Debug|Any CPU
		Release|Any CPU = Release|Any CPU
	EndGlobalSection
	GlobalSection(ProjectConfigurationPlatforms) = postSolution
		{6B1BA452-E239-4B4C-B11C-044A7C290830}.Debug|Any CPU.ActiveCfg = Debug|Any CPU
		{6B1BA452-E239-4B4C-B11C-044A7C290830}.Debug|Any CPU.Build.0 = Debug|Any CPU
		{6B1BA452-E239-4B4C-B11C-044A7C290830}.Release|Any CPU.ActiveCfg = Release|Any CPU
		{6B1BA452-E239-4B4C-B11C-044A7C290830}.Release|Any CPU.Build.0 = Release|Any CPU
		{A69B5225-FEA6-4567-A8DF-B0E9E9675FDB}.Debug|Any CPU.ActiveCfg = Debug|Any CPU
		{A69B5225-FEA6-4567-A8DF-B0E9E9675FDB}.Debug|Any CPU.Build.0 = Debug|Any CPU
		{A69B5225-FEA6-4567-A8DF-B0E9E9675FDB}.Release|Any CPU.ActiveCfg = Release|Any CPU
		{A69B5225-FEA6-4567-A8DF-B0E9E9675FDB}.Release|Any CPU.Build.0 = Release|Any CPU
		{C7BFB7D2-EBAC-4C5A-971C-5A59A9E008C0}.Debug|Any CPU.ActiveCfg = Debug|Any CPU
		{C7BFB7D2-EBAC-4C5A-971C-5A59A9E008C0}.Debug|Any CPU.Build.0 = Debug|Any CPU
		{C7BFB7D2-EBAC-4C5A-971C-5A59A9E008C0}.Release|Any CPU.ActiveCfg = Release|Any CPU
		{C7BFB7D2-EBAC-4C5A-971C-5A59A9E008C0}.Release|Any CPU.Build.0 = Release|Any CPU
	EndGlobalSection
	GlobalSection(SolutionProperties) = preSolution
		HideSolutionNode = FALSE
	EndGlobalSection
	GlobalSection(ExtensibilityGlobals) = postSolution
		SolutionGuid = {2F22DF48-419F-436E-8DF1-6ACB18A1B13F}
	EndGlobalSection
EndGlobal
